# This file is automatically @generated by Cargo.
# It is not intended for manual editing.
version = 4

[[package]]
name = "test-lib"
version = "0.1.0"

[[package]]
name = "test-lib_2"
version = "0.1.0"

[[package]]
name = "test-workspace"
version = "0.1.0"
dependencies = [
 "test-lib",
 "test-lib_2",
]
